
Microsoft Visual Studio Solution File, Format Version 12.00
# Visual Studio Version 16
VisualStudioVersion = 16.0.29001.49
MinimumVisualStudioVersion = 10.0.40219.1
Project("{9A19103F-16F7-4668-BE54-9A1E7A4F7556}") = "MLHelpers", "MLHelpers\MLHelpers.csproj", "{B00301C8-D57D-4C67-8956-9D6B0038AD74}"
EndProject
Project("{FAE04EC0-301F-11D3-BF4B-00C04F79EFBC}") = "NGramTest", "NGramTest\NGramTest.csproj", "{0A8E631C-21EA-49BF-80F7-D12D0F41AD7B}"
EndProject
Global
	GlobalSection(SolutionConfigurationPlatforms) = preSolution
		Debug|Any CPU = Debug|Any CPU
		Release|Any CPU = Release|Any CPU
	EndGlobalSection
	GlobalSection(ProjectConfigurationPlatforms) = postSolution
		{B00301C8-D57D-4C67-8956-9D6B0038AD74}.Debug|Any CPU.ActiveCfg = Debug|Any CPU
		{B00301C8-D57D-4C67-8956-9D6B0038AD74}.Debug|Any CPU.Build.0 = Debug|Any CPU
		{B00301C8-D57D-4C67-8956-9D6B0038AD74}.Release|Any CPU.ActiveCfg = Release|Any CPU
		{B00301C8-D57D-4C67-8956-9D6B0038AD74}.Release|Any CPU.Build.0 = Release|Any CPU
		{0A8E631C-21EA-49BF-80F7-D12D0F41AD7B}.Debug|Any CPU.ActiveCfg = Debug|Any CPU
		{0A8E631C-21EA-49BF-80F7-D12D0F41AD7B}.Debug|Any CPU.Build.0 = Debug|Any CPU
		{0A8E631C-21EA-49BF-80F7-D12D0F41AD7B}.Release|Any CPU.ActiveCfg = Release|Any CPU
		{0A8E631C-21EA-49BF-80F7-D12D0F41AD7B}.Release|Any CPU.Build.0 = Release|Any CPU
	EndGlobalSection
	GlobalSection(SolutionProperties) = preSolution
		HideSolutionNode = FALSE
	EndGlobalSection
	GlobalSection(ExtensibilityGlobals) = postSolution
		SolutionGuid = {B41B79BB-8B0A-455A-8F9F-0B59575DF7D8}
	EndGlobalSection
EndGlobal
